// !$*UTF8*$!
{
	archiveVersion = 1;
	classes = {
	};
	objectVersion = 77;
	objects = {

/* Begin PBXBuildFile section */
		EE03E7412EBF1F2C009E0F80 /* MapboxMaps in Frameworks */ = {isa = PBXBuildFile; productRef = EE03E7402EBF1F2C009E0F80 /* MapboxMaps */; };
		EE3499F02EC0172C007EFE26 /* MapboxSearch in Frameworks */ = {isa = PBXBuildFile; productRef = EE3499EF2EC0172C007EFE26 /* MapboxSearch */; };
		EE3499F22EC0172C007EFE26 /* MapboxSearchUI in Frameworks */ = {isa = PBXBuildFile; productRef = EE3499F12EC0172C007EFE26 /* MapboxSearchUI */; };
		EE349A8D2EC06E96007EFE26 /* Auth in Frameworks */ = {isa = PBXBuildFile; productRef = EE349A8C2EC06E96007EFE26 /* Auth */; };
		EE349A8F2EC06E96007EFE26 /* Functions in Frameworks */ = {isa = PBXBuildFile; productRef = EE349A8E2EC06E96007EFE26 /* Functions */; };
		EE349A912EC06E96007EFE26 /* PostgREST in Frameworks */ = {isa = PBXBuildFile; productRef = EE349A902EC06E96007EFE26 /* PostgREST */; };
		EE349A932EC06E96007EFE26 /* Realtime in Frameworks */ = {isa = PBXBuildFile; productRef = EE349A922EC06E96007EFE26 /* Realtime */; };
		EE349A952EC06E96007EFE26 /* Storage in Frameworks */ = {isa = PBXBuildFile; productRef = EE349A942EC06E96007EFE26 /* Storage */; };
		EE349A982EC06F44007EFE26 /* ReceiptParser in Frameworks */ = {isa = PBXBuildFile; productRef = EE349A972EC06F44007EFE26 /* ReceiptParser */; };
		EE349A9A2EC06F44007EFE26 /* RevenueCat in Frameworks */ = {isa = PBXBuildFile; productRef = EE349A992EC06F44007EFE26 /* RevenueCat */; };
		EE349A9C2EC06F44007EFE26 /* RevenueCatUI in Frameworks */ = {isa = PBXBuildFile; productRef = EE349A9B2EC06F44007EFE26 /* RevenueCatUI */; };
		EE349AD02EC08609007EFE26 /* Supabase in Frameworks */ = {isa = PBXBuildFile; productRef = EE349ACF2EC08609007EFE26 /* Supabase */; };
		EE9AF7D62EBF969D00C35917 /* MapboxGeocoder in Frameworks */ = {isa = PBXBuildFile; productRef = EE9AF7D52EBF969D00C35917 /* MapboxGeocoder */; };
		EEA2E5D02EBF2E0A007AFFE4 /* MapboxNavigationCore in Frameworks */ = {isa = PBXBuildFile; productRef = EEA2E5CF2EBF2E0A007AFFE4 /* MapboxNavigationCore */; };
		EEA2E5D22EBF2E10007AFFE4 /* MapboxDirections in Frameworks */ = {isa = PBXBuildFile; productRef = EEA2E5D12EBF2E10007AFFE4 /* MapboxDirections */; };
		EEA2E5D42EBF2E20007AFFE4 /* MapboxNavigationUIKit in Frameworks */ = {isa = PBXBuildFile; productRef = EEA2E5D32EBF2E20007AFFE4 /* MapboxNavigationUIKit */; };
/* End PBXBuildFile section */

/* Begin PBXContainerItemProxy section */
		EECF8D6C2EBEF93A002BEE3E /* PBXContainerItemProxy */ = {
			isa = PBXContainerItemProxy;
			containerPortal = EECF8D562EBEF939002BEE3E /* Project object */;
			proxyType = 1;
			remoteGlobalIDString = EECF8D5D2EBEF939002BEE3E;
			remoteInfo = TrucknavPro;
		};
		EECF8D762EBEF93A002BEE3E /* PBXContainerItemProxy */ = {
			isa = PBXContainerItemProxy;
			containerPortal = EECF8D562EBEF939002BEE3E /* Project object */;
			proxyType = 1;
			remoteGlobalIDString = EECF8D5D2EBEF939002BEE3E;
			remoteInfo = TrucknavPro;
		};
/* End PBXContainerItemProxy section */

/* Begin PBXFileReference section */
		EE03E7212EBF189E009E0F80 /* MapboxCoreMaps.xcframework */ = {isa = PBXFileReference; expectedSignature = "AppleDeveloperProgram:GJZR2MEM28:Mapbox, Inc."; lastKnownFileType = wrapper.xcframework; name = MapboxCoreMaps.xcframework; path = "../MapBox Maps dependencies/MapboxCoreMaps.xcframework"; sourceTree = "<group>"; };
		EE03E7252EBF18B1009E0F80 /* MapboxMaps.xcframework */ = {isa = PBXFileReference; expectedSignature = "AppleDeveloperProgram:GJZR2MEM28:Mapbox, Inc."; lastKnownFileType = wrapper.xcframework; name = MapboxMaps.xcframework; path = "../MapBox Maps dependencies/MapboxMaps.xcframework"; sourceTree = "<group>"; };
		EE03E7282EBF18D0009E0F80 /* MapboxCommon.xcframework */ = {isa = PBXFileReference; expectedSignature = "AppleDeveloperProgram:GJZR2MEM28:Mapbox, Inc."; lastKnownFileType = wrapper.xcframework; name = MapboxCommon.xcframework; path = "../MapBox Maps dependencies/MapboxCommon.xcframework"; sourceTree = "<group>"; };
		EE03E72B2EBF18F5009E0F80 /* Turf.xcframework */ = {isa = PBXFileReference; expectedSignature = "AppleDeveloperProgram:GJZR2MEM28:Mapbox, Inc."; lastKnownFileType = wrapper.xcframework; name = Turf.xcframework; path = "../MapBox Maps dependencies/Turf.xcframework"; sourceTree = "<group>"; };
		EECF8D5E2EBEF939002BEE3E /* TrucknavPro.app */ = {isa = PBXFileReference; explicitFileType = wrapper.application; includeInIndex = 0; path = TrucknavPro.app; sourceTree = BUILT_PRODUCTS_DIR; };
		EECF8D6B2EBEF93A002BEE3E /* TrucknavProTests.xctest */ = {isa = PBXFileReference; explicitFileType = wrapper.cfbundle; includeInIndex = 0; path = TrucknavProTests.xctest; sourceTree = BUILT_PRODUCTS_DIR; };
		EECF8D752EBEF93A002BEE3E /* TrucknavProUITests.xctest */ = {isa = PBXFileReference; explicitFileType = wrapper.cfbundle; includeInIndex = 0; path = TrucknavProUITests.xctest; sourceTree = BUILT_PRODUCTS_DIR; };
/* End PBXFileReference section */

/* Begin PBXFileSystemSynchronizedBuildFileExceptionSet section */
		EECF8D892EBEF9EF002BEE3E /* Exceptions for "TrucknavPro" folder in "TrucknavPro" target */ = {
			isa = PBXFileSystemSynchronizedBuildFileExceptionSet;
			membershipExceptions = (
				Info.plist,
			);
			target = EECF8D5D2EBEF939002BEE3E /* TrucknavPro */;
		};
/* End PBXFileSystemSynchronizedBuildFileExceptionSet section */

/* Begin PBXFileSystemSynchronizedRootGroup section */
		EECF8D602EBEF939002BEE3E /* TrucknavPro */ = {
			isa = PBXFileSystemSynchronizedRootGroup;
			exceptions = (
				EECF8D892EBEF9EF002BEE3E /* Exceptions for "TrucknavPro" folder in "TrucknavPro" target */,
			);
			path = TrucknavPro;
			sourceTree = "<group>";
		};
		EECF8D6E2EBEF93A002BEE3E /* TrucknavProTests */ = {
			isa = PBXFileSystemSynchronizedRootGroup;
			path = TrucknavProTests;
			sourceTree = "<group>";
		};
		EECF8D782EBEF93A002BEE3E /* TrucknavProUITests */ = {
			isa = PBXFileSystemSynchronizedRootGroup;
			path = TrucknavProUITests;
			sourceTree = "<group>";
		};
/* End PBXFileSystemSynchronizedRootGroup section */

/* Begin PBXFrameworksBuildPhase section */
		EECF8D5B2EBEF939002BEE3E /* Frameworks */ = {
			isa = PBXFrameworksBuildPhase;
			buildActionMask = 2147483647;
			files = (
				EE349A952EC06E96007EFE26 /* Storage in Frameworks */,
				EEA2E5D02EBF2E0A007AFFE4 /* MapboxNavigationCore in Frameworks */,
				EE349A9A2EC06F44007EFE26 /* RevenueCat in Frameworks */,
				EE349A982EC06F44007EFE26 /* ReceiptParser in Frameworks */,
				EE9AF7D62EBF969D00C35917 /* MapboxGeocoder in Frameworks */,
				EEA2E5D22EBF2E10007AFFE4 /* MapboxDirections in Frameworks */,
				EE349A8F2EC06E96007EFE26 /* Functions in Frameworks */,
				EE349A912EC06E96007EFE26 /* PostgREST in Frameworks */,
				EE349A9C2EC06F44007EFE26 /* RevenueCatUI in Frameworks */,
				EE3499F02EC0172C007EFE26 /* MapboxSearch in Frameworks */,
				EE03E7412EBF1F2C009E0F80 /* MapboxMaps in Frameworks */,
				EE349AD02EC08609007EFE26 /* Supabase in Frameworks */,
				EE3499F22EC0172C007EFE26 /* MapboxSearchUI in Frameworks */,
				EE349A8D2EC06E96007EFE26 /* Auth in Frameworks */,
				EEA2E5D42EBF2E20007AFFE4 /* MapboxNavigationUIKit in Frameworks */,
				EE349A932EC06E96007EFE26 /* Realtime in Frameworks */,
			);
			runOnlyForDeploymentPostprocessing = 0;
		};
		EECF8D682EBEF93A002BEE3E /* Frameworks */ = {
			isa = PBXFrameworksBuildPhase;
			buildActionMask = 2147483647;
			files = (
			);
			runOnlyForDeploymentPostprocessing = 0;
		};
		EECF8D722EBEF93A002BEE3E /* Frameworks */ = {
			isa = PBXFrameworksBuildPhase;
			buildActionMask = 2147483647;
			files = (
			);
			runOnlyForDeploymentPostprocessing = 0;
		};
/* End PBXFrameworksBuildPhase section */

/* Begin PBXGroup section */
		EECF8D552EBEF939002BEE3E = {
			isa = PBXGroup;
			children = (
				EECF8D602EBEF939002BEE3E /* TrucknavPro */,
				EECF8D6E2EBEF93A002BEE3E /* TrucknavProTests */,
				EECF8D782EBEF93A002BEE3E /* TrucknavProUITests */,
				EECF8D942EBEFBD8002BEE3E /* Frameworks */,
				EECF8D5F2EBEF939002BEE3E /* Products */,
			);
			sourceTree = "<group>";
		};
		EECF8D5F2EBEF939002BEE3E /* Products */ = {
			isa = PBXGroup;
			children = (
				EECF8D5E2EBEF939002BEE3E /* TrucknavPro.app */,
				EECF8D6B2EBEF93A002BEE3E /* TrucknavProTests.xctest */,
				EECF8D752EBEF93A002BEE3E /* TrucknavProUITests.xctest */,
			);
			name = Products;
			sourceTree = "<group>";
		};
		EECF8D942EBEFBD8002BEE3E /* Frameworks */ = {
			isa = PBXGroup;
			children = (
				EE03E72B2EBF18F5009E0F80 /* Turf.xcframework */,
				EE03E7282EBF18D0009E0F80 /* MapboxCommon.xcframework */,
				EE03E7252EBF18B1009E0F80 /* MapboxMaps.xcframework */,
				EE03E7212EBF189E009E0F80 /* MapboxCoreMaps.xcframework */,
			);
			name = Frameworks;
			sourceTree = "<group>";
		};
/* End PBXGroup section */

/* Begin PBXNativeTarget section */
		EECF8D5D2EBEF939002BEE3E /* TrucknavPro */ = {
			isa = PBXNativeTarget;
			buildConfigurationList = EECF8D7F2EBEF93A002BEE3E /* Build configuration list for PBXNativeTarget "TrucknavPro" */;
			buildPhases = (
				EECF8D5A2EBEF939002BEE3E /* Sources */,
				EECF8D5B2EBEF939002BEE3E /* Frameworks */,
				EECF8D5C2EBEF939002BEE3E /* Resources */,
			);
			buildRules = (
			);
			dependencies = (
			);
			fileSystemSynchronizedGroups = (
				EECF8D602EBEF939002BEE3E /* TrucknavPro */,
			);
			name = TrucknavPro;
			packageProductDependencies = (
				EE03E7402EBF1F2C009E0F80 /* MapboxMaps */,
				EEA2E5CF2EBF2E0A007AFFE4 /* MapboxNavigationCore */,
				EEA2E5D12EBF2E10007AFFE4 /* MapboxDirections */,
				EE9AF7D52EBF969D00C35917 /* MapboxGeocoder */,
				EEA2E5D32EBF2E20007AFFE4 /* MapboxNavigationUIKit */,
				EE3499EF2EC0172C007EFE26 /* MapboxSearch */,
				EE3499F12EC0172C007EFE26 /* MapboxSearchUI */,
				EE349A8C2EC06E96007EFE26 /* Auth */,
				EE349A8E2EC06E96007EFE26 /* Functions */,
				EE349A902EC06E96007EFE26 /* PostgREST */,
				EE349A922EC06E96007EFE26 /* Realtime */,
				EE349A942EC06E96007EFE26 /* Storage */,
				EE349A972EC06F44007EFE26 /* ReceiptParser */,
				EE349A992EC06F44007EFE26 /* RevenueCat */,
				EE349A9B2EC06F44007EFE26 /* RevenueCatUI */,
				EE349ACF2EC08609007EFE26 /* Supabase */,
			);
			productName = TrucknavPro;
			productReference = EECF8D5E2EBEF939002BEE3E /* TrucknavPro.app */;
			productType = "com.apple.product-type.application";
		};
		EECF8D6A2EBEF93A002BEE3E /* TrucknavProTests */ = {
			isa = PBXNativeTarget;
			buildConfigurationList = EECF8D822EBEF93A002BEE3E /* Build configuration list for PBXNativeTarget "TrucknavProTests" */;
			buildPhases = (
				EECF8D672EBEF93A002BEE3E /* Sources */,
				EECF8D682EBEF93A002BEE3E /* Frameworks */,
				EECF8D692EBEF93A002BEE3E /* Resources */,
			);
			buildRules = (
			);
			dependencies = (
				EECF8D6D2EBEF93A002BEE3E /* PBXTargetDependency */,
			);
			fileSystemSynchronizedGroups = (
				EECF8D6E2EBEF93A002BEE3E /* TrucknavProTests */,
			);
			name = TrucknavProTests;
			packageProductDependencies = (
			);
			productName = TrucknavProTests;
			productReference = EECF8D6B2EBEF93A002BEE3E /* TrucknavProTests.xctest */;
			productType = "com.apple.product-type.bundle.unit-test";
		};
		EECF8D742EBEF93A002BEE3E /* TrucknavProUITests */ = {
			isa = PBXNativeTarget;
			buildConfigurationList = EECF8D852EBEF93A002BEE3E /* Build configuration list for PBXNativeTarget "TrucknavProUITests" */;
			buildPhases = (
				EECF8D712EBEF93A002BEE3E /* Sources */,
				EECF8D722EBEF93A002BEE3E /* Frameworks */,
				EECF8D732EBEF93A002BEE3E /* Resources */,
			);
			buildRules = (
			);
			dependencies = (
				EECF8D772EBEF93A002BEE3E /* PBXTargetDependency */,
			);
			fileSystemSynchronizedGroups = (
				EECF8D782EBEF93A002BEE3E /* TrucknavProUITests */,
			);
			name = TrucknavProUITests;
			packageProductDependencies = (
			);
			productName = TrucknavProUITests;
			productReference = EECF8D752EBEF93A002BEE3E /* TrucknavProUITests.xctest */;
			productType = "com.apple.product-type.bundle.ui-testing";
		};
/* End PBXNativeTarget section */

/* Begin PBXProject section */
		EECF8D562EBEF939002BEE3E /* Project object */ = {
			isa = PBXProject;
			attributes = {
				BuildIndependentTargetsInParallel = 1;
				LastSwiftUpdateCheck = 1640;
				LastUpgradeCheck = 1640;
				TargetAttributes = {
					EECF8D5D2EBEF939002BEE3E = {
						CreatedOnToolsVersion = 16.4;
					};
					EECF8D6A2EBEF93A002BEE3E = {
						CreatedOnToolsVersion = 16.4;
						TestTargetID = EECF8D5D2EBEF939002BEE3E;
					};
					EECF8D742EBEF93A002BEE3E = {
						CreatedOnToolsVersion = 16.4;
						TestTargetID = EECF8D5D2EBEF939002BEE3E;
					};
				};
			};
			buildConfigurationList = EECF8D592EBEF939002BEE3E /* Build configuration list for PBXProject "TrucknavPro" */;
			developmentRegion = en;
			hasScannedForEncodings = 0;
			knownRegions = (
				en,
				Base,
			);
			mainGroup = EECF8D552EBEF939002BEE3E;
			minimizedProjectReferenceProxies = 1;
			packageReferences = (
				EE03E73F2EBF1F2C009E0F80 /* XCRemoteSwiftPackageReference "mapbox-maps-ios" */,
				EE03E7422EBF1F7C009E0F80 /* XCRemoteSwiftPackageReference "mapbox-navigation-ios" */,
				EE9AF7D42EBF969D00C35917 /* XCRemoteSwiftPackageReference "MapboxGeocoder" */,
				EE3499EE2EC0172C007EFE26 /* XCRemoteSwiftPackageReference "mapbox-search-ios" */,
				EE349A8B2EC06E96007EFE26 /* XCRemoteSwiftPackageReference "supabase-swift" */,
				EE349A962EC06F44007EFE26 /* XCRemoteSwiftPackageReference "purchases-ios" */,
			);
			preferredProjectObjectVersion = 77;
			productRefGroup = EECF8D5F2EBEF939002BEE3E /* Products */;
			projectDirPath = "";
			projectRoot = "";
			targets = (
				EECF8D5D2EBEF939002BEE3E /* TrucknavPro */,
				EECF8D6A2EBEF93A002BEE3E /* TrucknavProTests */,
				EECF8D742EBEF93A002BEE3E /* TrucknavProUITests */,
			);
		};
/* End PBXProject section */

/* Begin PBXResourcesBuildPhase section */
		EECF8D5C2EBEF939002BEE3E /* Resources */ = {
			isa = PBXResourcesBuildPhase;
			buildActionMask = 2147483647;
			files = (
			);
			runOnlyForDeploymentPostprocessing = 0;
		};
		EECF8D692EBEF93A002BEE3E /* Resources */ = {
			isa = PBXResourcesBuildPhase;
			buildActionMask = 2147483647;
			files = (
			);
			runOnlyForDeploymentPostprocessing = 0;
		};
		EECF8D732EBEF93A002BEE3E /* Resources */ = {
			isa = PBXResourcesBuildPhase;
			buildActionMask = 2147483647;
			files = (
			);
			runOnlyForDeploymentPostprocessing = 0;
		};
/* End PBXResourcesBuildPhase section */

/* Begin PBXSourcesBuildPhase section */
		EECF8D5A2EBEF939002BEE3E /* Sources */ = {
			isa = PBXSourcesBuildPhase;
			buildActionMask = 2147483647;
			files = (
			);
			runOnlyForDeploymentPostprocessing = 0;
		};
		EECF8D672EBEF93A002BEE3E /* Sources */ = {
			isa = PBXSourcesBuildPhase;
			buildActionMask = 2147483647;
			files = (
			);
			runOnlyForDeploymentPostprocessing = 0;
		};
		EECF8D712EBEF93A002BEE3E /* Sources */ = {
			isa = PBXSourcesBuildPhase;
			buildActionMask = 2147483647;
			files = (
			);
			runOnlyForDeploymentPostprocessing = 0;
		};
/* End PBXSourcesBuildPhase section */

/* Begin PBXTargetDependency section */
		EECF8D6D2EBEF93A002BEE3E /* PBXTargetDependency */ = {
			isa = PBXTargetDependency;
			target = EECF8D5D2EBEF939002BEE3E /* TrucknavPro */;
			targetProxy = EECF8D6C2EBEF93A002BEE3E /* PBXContainerItemProxy */;
		};
		EECF8D772EBEF93A002BEE3E /* PBXTargetDependency */ = {
			isa = PBXTargetDependency;
			target = EECF8D5D2EBEF939002BEE3E /* TrucknavPro */;
			targetProxy = EECF8D762EBEF93A002BEE3E /* PBXContainerItemProxy */;
		};
/* End PBXTargetDependency section */

/* Begin XCBuildConfiguration section */
		EECF8D7D2EBEF93A002BEE3E /* Debug */ = {
			isa = XCBuildConfiguration;
			buildSettings = {
				ALWAYS_SEARCH_USER_PATHS = NO;
				ASSETCATALOG_COMPILER_GENERATE_SWIFT_ASSET_SYMBOL_EXTENSIONS = YES;
				CLANG_ANALYZER_NONNULL = YES;
				CLANG_ANALYZER_NUMBER_OBJECT_CONVERSION = YES_AGGRESSIVE;
				CLANG_CXX_LANGUAGE_STANDARD = "gnu++20";
				CLANG_ENABLE_MODULES = YES;
				CLANG_ENABLE_OBJC_ARC = YES;
				CLANG_ENABLE_OBJC_WEAK = YES;
				CLANG_WARN_BLOCK_CAPTURE_AUTORELEASING = YES;
				CLANG_WARN_BOOL_CONVERSION = YES;
				CLANG_WARN_COMMA = YES;
				CLANG_WARN_CONSTANT_CONVERSION = YES;
				CLANG_WARN_DEPRECATED_OBJC_IMPLEMENTATIONS = YES;
				CLANG_WARN_DIRECT_OBJC_ISA_USAGE = YES_ERROR;
				CLANG_WARN_DOCUMENTATION_COMMENTS = YES;
				CLANG_WARN_EMPTY_BODY = YES;
				CLANG_WARN_ENUM_CONVERSION = YES;
				CLANG_WARN_INFINITE_RECURSION = YES;
				CLANG_WARN_INT_CONVERSION = YES;
				CLANG_WARN_NON_LITERAL_NULL_CONVERSION = YES;
				CLANG_WARN_OBJC_IMPLICIT_RETAIN_SELF = YES;
				CLANG_WARN_OBJC_LITERAL_CONVERSION = YES;
				CLANG_WARN_OBJC_ROOT_CLASS = YES_ERROR;
				CLANG_WARN_QUOTED_INCLUDE_IN_FRAMEWORK_HEADER = YES;
				CLANG_WARN_RANGE_LOOP_ANALYSIS = YES;
				CLANG_WARN_STRICT_PROTOTYPES = YES;
				CLANG_WARN_SUSPICIOUS_MOVE = YES;
				CLANG_WARN_UNGUARDED_AVAILABILITY = YES_AGGRESSIVE;
				CLANG_WARN_UNREACHABLE_CODE = YES;
				CLANG_WARN__DUPLICATE_METHOD_MATCH = YES;
				COPY_PHASE_STRIP = NO;
				DEBUG_INFORMATION_FORMAT = dwarf;
				DEVELOPMENT_TEAM = 2662XFUC58;
				ENABLE_STRICT_OBJC_MSGSEND = YES;
				ENABLE_TESTABILITY = YES;
				ENABLE_USER_SCRIPT_SANDBOXING = YES;
				GCC_C_LANGUAGE_STANDARD = gnu17;
				GCC_DYNAMIC_NO_PIC = NO;
				GCC_NO_COMMON_BLOCKS = YES;
				GCC_OPTIMIZATION_LEVEL = 0;
				GCC_PREPROCESSOR_DEFINITIONS = (
					"DEBUG=1",
					"$(inherited)",
				);
				GCC_WARN_64_TO_32_BIT_CONVERSION = YES;
				GCC_WARN_ABOUT_RETURN_TYPE = YES_ERROR;
				GCC_WARN_UNDECLARED_SELECTOR = YES;
				GCC_WARN_UNINITIALIZED_AUTOS = YES_AGGRESSIVE;
				GCC_WARN_UNUSED_FUNCTION = YES;
				GCC_WARN_UNUSED_VARIABLE = YES;
				IPHONEOS_DEPLOYMENT_TARGET = 18.5;
				LOCALIZATION_PREFERS_STRING_CATALOGS = YES;
				MTL_ENABLE_DEBUG_INFO = INCLUDE_SOURCE;
				MTL_FAST_MATH = YES;
				ONLY_ACTIVE_ARCH = YES;
				SDKROOT = iphoneos;
				SWIFT_ACTIVE_COMPILATION_CONDITIONS = "DEBUG $(inherited)";
				SWIFT_OPTIMIZATION_LEVEL = "-Onone";
			};
			name = Debug;
		};
		EECF8D7E2EBEF93A002BEE3E /* Release */ = {
			isa = XCBuildConfiguration;
			buildSettings = {
				ALWAYS_SEARCH_USER_PATHS = NO;
				ASSETCATALOG_COMPILER_GENERATE_SWIFT_ASSET_SYMBOL_EXTENSIONS = YES;
				CLANG_ANALYZER_NONNULL = YES;
				CLANG_ANALYZER_NUMBER_OBJECT_CONVERSION = YES_AGGRESSIVE;
				CLANG_CXX_LANGUAGE_STANDARD = "gnu++20";
				CLANG_ENABLE_MODULES = YES;
				CLANG_ENABLE_OBJC_ARC = YES;
				CLANG_ENABLE_OBJC_WEAK = YES;
				CLANG_WARN_BLOCK_CAPTURE_AUTORELEASING = YES;
				CLANG_WARN_BOOL_CONVERSION = YES;
				CLANG_WARN_COMMA = YES;
				CLANG_WARN_CONSTANT_CONVERSION = YES;
				CLANG_WARN_DEPRECATED_OBJC_IMPLEMENTATIONS = YES;
				CLANG_WARN_DIRECT_OBJC_ISA_USAGE = YES_ERROR;
				CLANG_WARN_DOCUMENTATION_COMMENTS = YES;
				CLANG_WARN_EMPTY_BODY = YES;
				CLANG_WARN_ENUM_CONVERSION = YES;
				CLANG_WARN_INFINITE_RECURSION = YES;
				CLANG_WARN_INT_CONVERSION = YES;
				CLANG_WARN_NON_LITERAL_NULL_CONVERSION = YES;
				CLANG_WARN_OBJC_IMPLICIT_RETAIN_SELF = YES;
				CLANG_WARN_OBJC_LITERAL_CONVERSION = YES;
				CLANG_WARN_OBJC_ROOT_CLASS = YES_ERROR;
				CLANG_WARN_QUOTED_INCLUDE_IN_FRAMEWORK_HEADER = YES;
				CLANG_WARN_RANGE_LOOP_ANALYSIS = YES;
				CLANG_WARN_STRICT_PROTOTYPES = YES;
				CLANG_WARN_SUSPICIOUS_MOVE = YES;
				CLANG_WARN_UNGUARDED_AVAILABILITY = YES_AGGRESSIVE;
				CLANG_WARN_UNREACHABLE_CODE = YES;
				CLANG_WARN__DUPLICATE_METHOD_MATCH = YES;
				COPY_PHASE_STRIP = NO;
				DEBUG_INFORMATION_FORMAT = "dwarf-with-dsym";
				DEVELOPMENT_TEAM = 2662XFUC58;
				ENABLE_NS_ASSERTIONS = NO;
				ENABLE_STRICT_OBJC_MSGSEND = YES;
				ENABLE_USER_SCRIPT_SANDBOXING = YES;
				GCC_C_LANGUAGE_STANDARD = gnu17;
				GCC_NO_COMMON_BLOCKS = YES;
				GCC_WARN_64_TO_32_BIT_CONVERSION = YES;
				GCC_WARN_ABOUT_RETURN_TYPE = YES_ERROR;
				GCC_WARN_UNDECLARED_SELECTOR = YES;
				GCC_WARN_UNINITIALIZED_AUTOS = YES_AGGRESSIVE;
				GCC_WARN_UNUSED_FUNCTION = YES;
				GCC_WARN_UNUSED_VARIABLE = YES;
				IPHONEOS_DEPLOYMENT_TARGET = 18.5;
				LOCALIZATION_PREFERS_STRING_CATALOGS = YES;
				MTL_ENABLE_DEBUG_INFO = NO;
				MTL_FAST_MATH = YES;
				SDKROOT = iphoneos;
				SWIFT_COMPILATION_MODE = wholemodule;
				VALIDATE_PRODUCT = YES;
			};
			name = Release;
		};
		EECF8D802EBEF93A002BEE3E /* Debug */ = {
			isa = XCBuildConfiguration;
			buildSettings = {
				ASSETCATALOG_COMPILER_APPICON_NAME = AppIcon;
				ASSETCATALOG_COMPILER_GLOBAL_ACCENT_COLOR_NAME = AccentColor;
				CODE_SIGN_ENTITLEMENTS = TrucknavPro/TrucknavProDebug.entitlements;
				CODE_SIGN_STYLE = Automatic;
				CURRENT_PROJECT_VERSION = 1;
				DEVELOPMENT_TEAM = 2662XFUC58;
				ENABLE_PREVIEWS = YES;
				GENERATE_INFOPLIST_FILE = YES;
				INFOPLIST_FILE = TrucknavPro/Info.plist;
				INFOPLIST_KEY_LSApplicationCategoryType = "public.app-category.navigation";
				INFOPLIST_KEY_NSLocationAlwaysAndWhenInUseUsageDescription = "TruckNav Pro needs continuous location access to provide uninterrupted turn-by-turn navigation, track your route progress, and deliver real-time traffic alerts even when the app is in the background.";
				INFOPLIST_KEY_NSLocationAlwaysUsageDescription = "TruckNav Pro requires background location access to maintain accurate navigation guidance and provide timely traffic alerts throughout your entire journey.";
				INFOPLIST_KEY_NSMotionUsageDescription = "TruckNav Pro requires your location to provide accurate truck-specific navigation, real-time traffic updates, and turn-by-turn directions while you're using the app.";
				INFOPLIST_KEY_UIApplicationSceneManifest_Generation = YES;
				INFOPLIST_KEY_UIApplicationSupportsIndirectInputEvents = YES;
				INFOPLIST_KEY_UILaunchScreen_Generation = YES;
				INFOPLIST_KEY_UISupportedInterfaceOrientations_iPad = "UIInterfaceOrientationPortrait UIInterfaceOrientationPortraitUpsideDown UIInterfaceOrientationLandscapeLeft UIInterfaceOrientationLandscapeRight";
				INFOPLIST_KEY_UISupportedInterfaceOrientations_iPhone = "UIInterfaceOrientationPortrait UIInterfaceOrientationLandscapeLeft UIInterfaceOrientationLandscapeRight";
				LD_RUNPATH_SEARCH_PATHS = (
					"$(inherited)",
					"@executable_path/Frameworks",
				);
				MARKETING_VERSION = 1.0;
				PRODUCT_BUNDLE_IDENTIFIER = com.trucknavpro1;
				PRODUCT_NAME = "$(TARGET_NAME)";
				SWIFT_EMIT_LOC_STRINGS = YES;
				SWIFT_VERSION = 5.0;
				TARGETED_DEVICE_FAMILY = "1,2";
			};
			name = Debug;
		};
		EECF8D812EBEF93A002BEE3E /* Release */ = {
			isa = XCBuildConfiguration;
			buildSettings = {
				ASSETCATALOG_COMPILER_APPICON_NAME = AppIcon;
				ASSETCATALOG_COMPILER_GLOBAL_ACCENT_COLOR_NAME = AccentColor;
				CODE_SIGN_STYLE = Automatic;
				CURRENT_PROJECT_VERSION = 1;
				DEVELOPMENT_TEAM = 2662XFUC58;
				ENABLE_PREVIEWS = YES;
				GENERATE_INFOPLIST_FILE = YES;
				INFOPLIST_FILE = TrucknavPro/Info.plist;
				INFOPLIST_KEY_LSApplicationCategoryType = "public.app-category.navigation";
				INFOPLIST_KEY_NSLocationAlwaysAndWhenInUseUsageDescription = "TruckNav Pro needs continuous location access to provide uninterrupted turn-by-turn navigation, track your route progress, and deliver real-time traffic alerts even when the app is in the background.";
				INFOPLIST_KEY_NSLocationAlwaysUsageDescription = "TruckNav Pro requires background location access to maintain accurate navigation guidance and provide timely traffic alerts throughout your entire journey.";
				INFOPLIST_KEY_NSMotionUsageDescription = "TruckNav Pro requires your location to provide accurate truck-specific navigation, real-time traffic updates, and turn-by-turn directions while you're using the app.";
				INFOPLIST_KEY_UIApplicationSceneManifest_Generation = YES;
				INFOPLIST_KEY_UIApplicationSupportsIndirectInputEvents = YES;
				INFOPLIST_KEY_UILaunchScreen_Generation = YES;
				INFOPLIST_KEY_UISupportedInterfaceOrientations_iPad = "UIInterfaceOrientationPortrait UIInterfaceOrientationPortraitUpsideDown UIInterfaceOrientationLandscapeLeft UIInterfaceOrientationLandscapeRight";
				INFOPLIST_KEY_UISupportedInterfaceOrientations_iPhone = "UIInterfaceOrientationPortrait UIInterfaceOrientationLandscapeLeft UIInterfaceOrientationLandscapeRight";
				LD_RUNPATH_SEARCH_PATHS = (
					"$(inherited)",
					"@executable_path/Frameworks",
				);
				MARKETING_VERSION = 1.0;
				PRODUCT_BUNDLE_IDENTIFIER = com.trucknavpro1;
				PRODUCT_NAME = "$(TARGET_NAME)";
				SWIFT_EMIT_LOC_STRINGS = YES;
				SWIFT_VERSION = 5.0;
				TARGETED_DEVICE_FAMILY = "1,2";
			};
			name = Release;
		};
		EECF8D832EBEF93A002BEE3E /* Debug */ = {
			isa = XCBuildConfiguration;
			buildSettings = {
				BUNDLE_LOADER = "$(TEST_HOST)";
				CODE_SIGN_STYLE = Automatic;
				CURRENT_PROJECT_VERSION = 1;
				DEVELOPMENT_TEAM = 2662XFUC58;
				GENERATE_INFOPLIST_FILE = YES;
				IPHONEOS_DEPLOYMENT_TARGET = 18.5;
				MARKETING_VERSION = 1.0;
				PRODUCT_BUNDLE_IDENTIFIER = com.trucknavpro.app.TrucknavProTests;
				PRODUCT_NAME = "$(TARGET_NAME)";
				SWIFT_EMIT_LOC_STRINGS = NO;
				SWIFT_VERSION = 5.0;
				TARGETED_DEVICE_FAMILY = "1,2";
				TEST_HOST = "$(BUILT_PRODUCTS_DIR)/TrucknavPro.app/$(BUNDLE_EXECUTABLE_FOLDER_PATH)/TrucknavPro";
			};
			name = Debug;
		};
		EECF8D842EBEF93A002BEE3E /* Release */ = {
			isa = XCBuildConfiguration;
			buildSettings = {
				BUNDLE_LOADER = "$(TEST_HOST)";
				CODE_SIGN_STYLE = Automatic;
				CURRENT_PROJECT_VERSION = 1;
				DEVELOPMENT_TEAM = 2662XFUC58;
				GENERATE_INFOPLIST_FILE = YES;
				IPHONEOS_DEPLOYMENT_TARGET = 18.5;
				MARKETING_VERSION = 1.0;
				PRODUCT_BUNDLE_IDENTIFIER = com.trucknavpro.app.TrucknavProTests;
				PRODUCT_NAME = "$(TARGET_NAME)";
				SWIFT_EMIT_LOC_STRINGS = NO;
				SWIFT_VERSION = 5.0;
				TARGETED_DEVICE_FAMILY = "1,2";
				TEST_HOST = "$(BUILT_PRODUCTS_DIR)/TrucknavPro.app/$(BUNDLE_EXECUTABLE_FOLDER_PATH)/TrucknavPro";
			};
			name = Release;
		};
		EECF8D862EBEF93A002BEE3E /* Debug */ = {
			isa = XCBuildConfiguration;
			buildSettings = {
				CODE_SIGN_STYLE = Automatic;
				CURRENT_PROJECT_VERSION = 1;
				DEVELOPMENT_TEAM = 2662XFUC58;
				GENERATE_INFOPLIST_FILE = YES;
				MARKETING_VERSION = 1.0;
				PRODUCT_BUNDLE_IDENTIFIER = com.trucknavpro.app.TrucknavProUITests;
				PRODUCT_NAME = "$(TARGET_NAME)";
				SWIFT_EMIT_LOC_STRINGS = NO;
				SWIFT_VERSION = 5.0;
				TARGETED_DEVICE_FAMILY = "1,2";
				TEST_TARGET_NAME = TrucknavPro;
			};
			name = Debug;
		};
		EECF8D872EBEF93A002BEE3E /* Release */ = {
			isa = XCBuildConfiguration;
			buildSettings = {
				CODE_SIGN_STYLE = Automatic;
				CURRENT_PROJECT_VERSION = 1;
				DEVELOPMENT_TEAM = 2662XFUC58;
				GENERATE_INFOPLIST_FILE = YES;
				MARKETING_VERSION = 1.0;
				PRODUCT_BUNDLE_IDENTIFIER = com.trucknavpro.app.TrucknavProUITests;
				PRODUCT_NAME = "$(TARGET_NAME)";
				SWIFT_EMIT_LOC_STRINGS = NO;
				SWIFT_VERSION = 5.0;
				TARGETED_DEVICE_FAMILY = "1,2";
				TEST_TARGET_NAME = TrucknavPro;
			};
			name = Release;
		};
/* End XCBuildConfiguration section */

/* Begin XCConfigurationList section */
		EECF8D592EBEF939002BEE3E /* Build configuration list for PBXProject "TrucknavPro" */ = {
			isa = XCConfigurationList;
			buildConfigurations = (
				EECF8D7D2EBEF93A002BEE3E /* Debug */,
				EECF8D7E2EBEF93A002BEE3E /* Release */,
			);
			defaultConfigurationIsVisible = 0;
			defaultConfigurationName = Release;
		};
		EECF8D7F2EBEF93A002BEE3E /* Build configuration list for PBXNativeTarget "TrucknavPro" */ = {
			isa = XCConfigurationList;
			buildConfigurations = (
				EECF8D802EBEF93A002BEE3E /* Debug */,
				EECF8D812EBEF93A002BEE3E /* Release */,
			);
			defaultConfigurationIsVisible = 0;
			defaultConfigurationName = Release;
		};
		EECF8D822EBEF93A002BEE3E /* Build configuration list for PBXNativeTarget "TrucknavProTests" */ = {
			isa = XCConfigurationList;
			buildConfigurations = (
				EECF8D832EBEF93A002BEE3E /* Debug */,
				EECF8D842EBEF93A002BEE3E /* Release */,
			);
			defaultConfigurationIsVisible = 0;
			defaultConfigurationName = Release;
		};
		EECF8D852EBEF93A002BEE3E /* Build configuration list for PBXNativeTarget "TrucknavProUITests" */ = {
			isa = XCConfigurationList;
			buildConfigurations = (
				EECF8D862EBEF93A002BEE3E /* Debug */,
				EECF8D872EBEF93A002BEE3E /* Release */,
			);
			defaultConfigurationIsVisible = 0;
			defaultConfigurationName = Release;
		};
/* End XCConfigurationList section */

/* Begin XCRemoteSwiftPackageReference section */
		EE03E73F2EBF1F2C009E0F80 /* XCRemoteSwiftPackageReference "mapbox-maps-ios" */ = {
			isa = XCRemoteSwiftPackageReference;
			repositoryURL = "https://github.com/mapbox/mapbox-maps-ios.git";
			requirement = {
				kind = upToNextMajorVersion;
				minimumVersion = 11.16.1;
			};
		};
		EE03E7422EBF1F7C009E0F80 /* XCRemoteSwiftPackageReference "mapbox-navigation-ios" */ = {
			isa = XCRemoteSwiftPackageReference;
			repositoryURL = "https://github.com/mapbox/mapbox-navigation-ios.git";
			requirement = {
				kind = upToNextMajorVersion;
				minimumVersion = 3.16.1;
			};
		};
		EE3499EE2EC0172C007EFE26 /* XCRemoteSwiftPackageReference "mapbox-search-ios" */ = {
			isa = XCRemoteSwiftPackageReference;
			repositoryURL = "https://github.com/mapbox/mapbox-search-ios.git";
			requirement = {
				kind = upToNextMajorVersion;
				minimumVersion = 2.16.1;
			};
		};
		EE349A8B2EC06E96007EFE26 /* XCRemoteSwiftPackageReference "supabase-swift" */ = {
			isa = XCRemoteSwiftPackageReference;
			repositoryURL = "https://github.com/supabase/supabase-swift";
			requirement = {
				kind = upToNextMajorVersion;
				minimumVersion = 2.5.1;
			};
		};
		EE349A962EC06F44007EFE26 /* XCRemoteSwiftPackageReference "purchases-ios" */ = {
			isa = XCRemoteSwiftPackageReference;
			repositoryURL = "https://github.com/RevenueCat/purchases-ios";
			requirement = {
				kind = upToNextMajorVersion;
				minimumVersion = 5.47.0;
			};
		};
		EE9AF7D42EBF969D00C35917 /* XCRemoteSwiftPackageReference "MapboxGeocoder" */ = {
			isa = XCRemoteSwiftPackageReference;
			repositoryURL = "https://github.com/mapbox/MapboxGeocoder.swift";
			requirement = {
				kind = upToNextMajorVersion;
				minimumVersion = 0.3.1;
			};
		};
/* End XCRemoteSwiftPackageReference section */

/* Begin XCSwiftPackageProductDependency section */
		EE03E7402EBF1F2C009E0F80 /* MapboxMaps */ = {
			isa = XCSwiftPackageProductDependency;
			package = EE03E73F2EBF1F2C009E0F80 /* XCRemoteSwiftPackageReference "mapbox-maps-ios" */;
			productName = MapboxMaps;
		};
		EE3499EF2EC0172C007EFE26 /* MapboxSearch */ = {
			isa = XCSwiftPackageProductDependency;
			package = EE3499EE2EC0172C007EFE26 /* XCRemoteSwiftPackageReference "mapbox-search-ios" */;
			productName = MapboxSearch;
		};
		EE3499F12EC0172C007EFE26 /* MapboxSearchUI */ = {
			isa = XCSwiftPackageProductDependency;
			package = EE3499EE2EC0172C007EFE26 /* XCRemoteSwiftPackageReference "mapbox-search-ios" */;
			productName = MapboxSearchUI;
		};
		EE349A8C2EC06E96007EFE26 /* Auth */ = {
			isa = XCSwiftPackageProductDependency;
			package = EE349A8B2EC06E96007EFE26 /* XCRemoteSwiftPackageReference "supabase-swift" */;
			productName = Auth;
		};
		EE349A8E2EC06E96007EFE26 /* Functions */ = {
			isa = XCSwiftPackageProductDependency;
			package = EE349A8B2EC06E96007EFE26 /* XCRemoteSwiftPackageReference "supabase-swift" */;
			productName = Functions;
		};
		EE349A902EC06E96007EFE26 /* PostgREST */ = {
			isa = XCSwiftPackageProductDependency;
			package = EE349A8B2EC06E96007EFE26 /* XCRemoteSwiftPackageReference "supabase-swift" */;
			productName = PostgREST;
		};
		EE349A922EC06E96007EFE26 /* Realtime */ = {
			isa = XCSwiftPackageProductDependency;
			package = EE349A8B2EC06E96007EFE26 /* XCRemoteSwiftPackageReference "supabase-swift" */;
			productName = Realtime;
		};
		EE349A942EC06E96007EFE26 /* Storage */ = {
			isa = XCSwiftPackageProductDependency;
			package = EE349A8B2EC06E96007EFE26 /* XCRemoteSwiftPackageReference "supabase-swift" */;
			productName = Storage;
		};
		EE349A972EC06F44007EFE26 /* ReceiptParser */ = {
			isa = XCSwiftPackageProductDependency;
			package = EE349A962EC06F44007EFE26 /* XCRemoteSwiftPackageReference "purchases-ios" */;
			productName = ReceiptParser;
		};
		EE349A992EC06F44007EFE26 /* RevenueCat */ = {
			isa = XCSwiftPackageProductDependency;
			package = EE349A962EC06F44007EFE26 /* XCRemoteSwiftPackageReference "purchases-ios" */;
			productName = RevenueCat;
		};
		EE349A9B2EC06F44007EFE26 /* RevenueCatUI */ = {
			isa = XCSwiftPackageProductDependency;
			package = EE349A962EC06F44007EFE26 /* XCRemoteSwiftPackageReference "purchases-ios" */;
			productName = RevenueCatUI;
		};
		EE349ACF2EC08609007EFE26 /* Supabase */ = {
			isa = XCSwiftPackageProductDependency;
			package = EE349A8B2EC06E96007EFE26 /* XCRemoteSwiftPackageReference "supabase-swift" */;
			productName = Supabase;
		};
		EE9AF7D52EBF969D00C35917 /* MapboxGeocoder */ = {
			isa = XCSwiftPackageProductDependency;
			package = EE9AF7D42EBF969D00C35917 /* XCRemoteSwiftPackageReference "MapboxGeocoder" */;
			productName = MapboxGeocoder;
		};
		EEA2E5CF2EBF2E0A007AFFE4 /* MapboxNavigationCore */ = {
			isa = XCSwiftPackageProductDependency;
			package = EE03E7422EBF1F7C009E0F80 /* XCRemoteSwiftPackageReference "mapbox-navigation-ios" */;
			productName = MapboxNavigationCore;
		};
		EEA2E5D12EBF2E10007AFFE4 /* MapboxDirections */ = {
			isa = XCSwiftPackageProductDependency;
			package = EE03E7422EBF1F7C009E0F80 /* XCRemoteSwiftPackageReference "mapbox-navigation-ios" */;
			productName = MapboxDirections;
		};
		EEA2E5D32EBF2E20007AFFE4 /* MapboxNavigationUIKit */ = {
			isa = XCSwiftPackageProductDependency;
			package = EE03E7422EBF1F7C009E0F80 /* XCRemoteSwiftPackageReference "mapbox-navigation-ios" */;
			productName = MapboxNavigationUIKit;
		};
/* End XCSwiftPackageProductDependency section */
	};
	rootObject = EECF8D562EBEF939002BEE3E /* Project object */;
}
